
Microsoft Visual Studio Solution File, Format Version 12.00
# Visual Studio Version 16
VisualStudioVersion = 16.0.28803.352
MinimumVisualStudioVersion = 10.0.40219.1
Project("{9A19103F-16F7-4668-BE54-9A1E7A4F7556}") = "Cardcraft.API", "Cardcraft.API\Cardcraft.API.csproj", "{184B5208-63B5-41FD-A76A-ED962B49A8C2}"
EndProject
Project("{9A19103F-16F7-4668-BE54-9A1E7A4F7556}") = "Cardcraft.Microservice.Product", "Microservice.Product\Cardcraft.Microservice.Product\Cardcraft.Microservice.Product.csproj", "{9A5659BA-204B-4AA1-91AA-2572185A0515}"
EndProject
Project("{9A19103F-16F7-4668-BE54-9A1E7A4F7556}") = "Cardcraft.Microservice.Payment", "Microservice.Payment\Cardcraft.Microservice.Payment\Cardcraft.Microservice.Payment.csproj", "{6990AEFB-785F-408E-B574-6AF98B5793A3}"
EndProject
Project("{9A19103F-16F7-4668-BE54-9A1E7A4F7556}") = "Cardcraft.Microservice.Account", "Microservice.Account\Cardcraft.Microservice.Account\Cardcraft.Microservice.Account.csproj", "{DF3B663A-F46C-4ADA-9941-C3F102CBD50C}"
EndProject
Project("{9A19103F-16F7-4668-BE54-9A1E7A4F7556}") = "CardCraft.Microservice.Messaging", "Microservice.Messaging\CardCraft.Microservice.Messaging\CardCraft.Microservice.Messaging.csproj", "{6D29519A-F236-4ABE-A813-B831B39893DC}"
EndProject
Global
	GlobalSection(SolutionConfigurationPlatforms) = preSolution
		Debug|Any CPU = Debug|Any CPU
		Release|Any CPU = Release|Any CPU
	EndGlobalSection
	GlobalSection(ProjectConfigurationPlatforms) = postSolution
		{184B5208-63B5-41FD-A76A-ED962B49A8C2}.Debug|Any CPU.ActiveCfg = Debug|Any CPU
		{184B5208-63B5-41FD-A76A-ED962B49A8C2}.Debug|Any CPU.Build.0 = Debug|Any CPU
		{184B5208-63B5-41FD-A76A-ED962B49A8C2}.Release|Any CPU.ActiveCfg = Release|Any CPU
		{184B5208-63B5-41FD-A76A-ED962B49A8C2}.Release|Any CPU.Build.0 = Release|Any CPU
		{9A5659BA-204B-4AA1-91AA-2572185A0515}.Debug|Any CPU.ActiveCfg = Debug|Any CPU
		{9A5659BA-204B-4AA1-91AA-2572185A0515}.Debug|Any CPU.Build.0 = Debug|Any CPU
		{9A5659BA-204B-4AA1-91AA-2572185A0515}.Release|Any CPU.ActiveCfg = Release|Any CPU
		{9A5659BA-204B-4AA1-91AA-2572185A0515}.Release|Any CPU.Build.0 = Release|Any CPU
		{6990AEFB-785F-408E-B574-6AF98B5793A3}.Debug|Any CPU.ActiveCfg = Debug|Any CPU
		{6990AEFB-785F-408E-B574-6AF98B5793A3}.Debug|Any CPU.Build.0 = Debug|Any CPU
		{6990AEFB-785F-408E-B574-6AF98B5793A3}.Release|Any CPU.ActiveCfg = Release|Any CPU
		{6990AEFB-785F-408E-B574-6AF98B5793A3}.Release|Any CPU.Build.0 = Release|Any CPU
		{DF3B663A-F46C-4ADA-9941-C3F102CBD50C}.Debug|Any CPU.ActiveCfg = Debug|Any CPU
		{DF3B663A-F46C-4ADA-9941-C3F102CBD50C}.Debug|Any CPU.Build.0 = Debug|Any CPU
		{DF3B663A-F46C-4ADA-9941-C3F102CBD50C}.Release|Any CPU.ActiveCfg = Release|Any CPU
		{DF3B663A-F46C-4ADA-9941-C3F102CBD50C}.Release|Any CPU.Build.0 = Release|Any CPU
		{6D29519A-F236-4ABE-A813-B831B39893DC}.Debug|Any CPU.ActiveCfg = Debug|Any CPU
		{6D29519A-F236-4ABE-A813-B831B39893DC}.Debug|Any CPU.Build.0 = Debug|Any CPU
		{6D29519A-F236-4ABE-A813-B831B39893DC}.Release|Any CPU.ActiveCfg = Release|Any CPU
		{6D29519A-F236-4ABE-A813-B831B39893DC}.Release|Any CPU.Build.0 = Release|Any CPU
	EndGlobalSection
	GlobalSection(SolutionProperties) = preSolution
		HideSolutionNode = FALSE
	EndGlobalSection
	GlobalSection(ExtensibilityGlobals) = postSolution
		SolutionGuid = {DE8FD479-2366-4F33-B870-9A63D34B3C4C}
	EndGlobalSection
EndGlobal
